// !$*UTF8*$!
{
	archiveVersion = 1;
	classes = {
	};
	objectVersion = 46;
	objects = {

/* Begin PBXBuildFile section */
		AB369A6A1366816200888B0E /* UIKit.framework in Frameworks */ = {isa = PBXBuildFile; fileRef = AB369A691366816200888B0E /* UIKit.framework */; };
		AB369A6C1366816200888B0E /* Foundation.framework in Frameworks */ = {isa = PBXBuildFile; fileRef = AB369A6B1366816200888B0E /* Foundation.framework */; };
		AB369A6E1366816200888B0E /* CoreGraphics.framework in Frameworks */ = {isa = PBXBuildFile; fileRef = AB369A6D1366816200888B0E /* CoreGraphics.framework */; };
		AB369A741366816200888B0E /* InfoPlist.strings in Resources */ = {isa = PBXBuildFile; fileRef = AB369A721366816200888B0E /* InfoPlist.strings */; };
		AB369A771366816200888B0E /* main.m in Sources */ = {isa = PBXBuildFile; fileRef = AB369A761366816200888B0E /* main.m */; };
		AB369A7A1366816200888B0E /* MKHorizMenuDemoAppDelegate.m in Sources */ = {isa = PBXBuildFile; fileRef = AB369A791366816200888B0E /* MKHorizMenuDemoAppDelegate.m */; };
		AB369A7D1366816200888B0E /* MainWindow.xib in Resources */ = {isa = PBXBuildFile; fileRef = AB369A7B1366816200888B0E /* MainWindow.xib */; };
		AB369A801366816200888B0E /* RootViewController.m in Sources */ = {isa = PBXBuildFile; fileRef = AB369A7F1366816200888B0E /* RootViewController.m */; };
		AB369A831366816200888B0E /* RootViewController.xib in Resources */ = {isa = PBXBuildFile; fileRef = AB369A811366816200888B0E /* RootViewController.xib */; };
		AB369AA71366830900888B0E /* ButtonSelected.png in Resources */ = {isa = PBXBuildFile; fileRef = AB369AA21366830900888B0E /* ButtonSelected.png */; };
		AB369AA81366830900888B0E /* MenuBar.png in Resources */ = {isa = PBXBuildFile; fileRef = AB369AA31366830900888B0E /* MenuBar.png */; };
		AB369AA91366830900888B0E /* MenuBar@2x.png in Resources */ = {isa = PBXBuildFile; fileRef = AB369AA41366830900888B0E /* MenuBar@2x.png */; };
		AB369AAA1366830900888B0E /* MKHorizMenu.m in Sources */ = {isa = PBXBuildFile; fileRef = AB369AA61366830900888B0E /* MKHorizMenu.m */; };
/* End PBXBuildFile section */

/* Begin PBXFileReference section */
		AB369A651366816200888B0E /* MKHorizMenuDemo.app */ = {isa = PBXFileReference; explicitFileType = wrapper.application; includeInIndex = 0; path = MKHorizMenuDemo.app; sourceTree = BUILT_PRODUCTS_DIR; };
		AB369A691366816200888B0E /* UIKit.framework */ = {isa = PBXFileReference; lastKnownFileType = wrapper.framework; name = UIKit.framework; path = System/Library/Frameworks/UIKit.framework; sourceTree = SDKROOT; };
		AB369A6B1366816200888B0E /* Foundation.framework */ = {isa = PBXFileReference; lastKnownFileType = wrapper.framework; name = Foundation.framework; path = System/Library/Frameworks/Foundation.framework; sourceTree = SDKROOT; };
		AB369A6D1366816200888B0E /* CoreGraphics.framework */ = {isa = PBXFileReference; lastKnownFileType = wrapper.framework; name = CoreGraphics.framework; path = System/Library/Frameworks/CoreGraphics.framework; sourceTree = SDKROOT; };
		AB369A711366816200888B0E /* MKHorizMenuDemo-Info.plist */ = {isa = PBXFileReference; lastKnownFileType = text.plist.xml; path = "MKHorizMenuDemo-Info.plist"; sourceTree = "<group>"; };
		AB369A731366816200888B0E /* en */ = {isa = PBXFileReference; lastKnownFileType = text.plist.strings; name = en; path = en.lproj/InfoPlist.strings; sourceTree = "<group>"; };
		AB369A751366816200888B0E /* MKHorizMenuDemo-Prefix.pch */ = {isa = PBXFileReference; lastKnownFileType = sourcecode.c.h; path = "MKHorizMenuDemo-Prefix.pch"; sourceTree = "<group>"; };
		AB369A761366816200888B0E /* main.m */ = {isa = PBXFileReference; lastKnownFileType = sourcecode.c.objc; path = main.m; sourceTree = "<group>"; };
		AB369A781366816200888B0E /* MKHorizMenuDemoAppDelegate.h */ = {isa = PBXFileReference; lastKnownFileType = sourcecode.c.h; path = MKHorizMenuDemoAppDelegate.h; sourceTree = "<group>"; };
		AB369A791366816200888B0E /* MKHorizMenuDemoAppDelegate.m */ = {isa = PBXFileReference; lastKnownFileType = sourcecode.c.objc; path = MKHorizMenuDemoAppDelegate.m; sourceTree = "<group>"; };
		AB369A7C1366816200888B0E /* en */ = {isa = PBXFileReference; lastKnownFileType = file.xib; name = en; path = en.lproj/MainWindow.xib; sourceTree = "<group>"; };
		AB369A7E1366816200888B0E /* RootViewController.h */ = {isa = PBXFileReference; lastKnownFileType = sourcecode.c.h; path = RootViewController.h; sourceTree = "<group>"; };
		AB369A7F1366816200888B0E /* RootViewController.m */ = {isa = PBXFileReference; lastKnownFileType = sourcecode.c.objc; path = RootViewController.m; sourceTree = "<group>"; };
		AB369A821366816200888B0E /* en */ = {isa = PBXFileReference; lastKnownFileType = file.xib; name = en; path = en.lproj/RootViewController.xib; sourceTree = "<group>"; };
		AB369AA21366830900888B0E /* ButtonSelected.png */ = {isa = PBXFileReference; lastKnownFileType = image.png; path = ButtonSelected.png; sourceTree = "<group>"; };
		AB369AA31366830900888B0E /* MenuBar.png */ = {isa = PBXFileReference; lastKnownFileType = image.png; path = MenuBar.png; sourceTree = "<group>"; };
		AB369AA41366830900888B0E /* MenuBar@2x.png */ = {isa = PBXFileReference; lastKnownFileType = image.png; path = "MenuBar@2x.png"; sourceTree = "<group>"; };
		AB369AA51366830900888B0E /* MKHorizMenu.h */ = {isa = PBXFileReference; fileEncoding = 4; lastKnownFileType = sourcecode.c.h; path = MKHorizMenu.h; sourceTree = "<group>"; };
		AB369AA61366830900888B0E /* MKHorizMenu.m */ = {isa = PBXFileReference; fileEncoding = 4; lastKnownFileType = sourcecode.c.objc; path = MKHorizMenu.m; sourceTree = "<group>"; };
/* End PBXFileReference section */

/* Begin PBXFrameworksBuildPhase section */
		AB369A621366816200888B0E /* Frameworks */ = {
			isa = PBXFrameworksBuildPhase;
			buildActionMask = 2147483647;
			files = (
				AB369A6A1366816200888B0E /* UIKit.framework in Frameworks */,
				AB369A6C1366816200888B0E /* Foundation.framework in Frameworks */,
				AB369A6E1366816200888B0E /* CoreGraphics.framework in Frameworks */,
			);
			runOnlyForDeploymentPostprocessing = 0;
		};
/* End PBXFrameworksBuildPhase section */

/* Begin PBXGroup section */
		AB369A5A1366816200888B0E = {
			isa = PBXGroup;
			children = (
				AB369AA11366830900888B0E /* MKHorizMenu */,
				AB369A6F1366816200888B0E /* MKHorizMenuDemo */,
				AB369A681366816200888B0E /* Frameworks */,
				AB369A661366816200888B0E /* Products */,
			);
			sourceTree = "<group>";
		};
		AB369A661366816200888B0E /* Products */ = {
			isa = PBXGroup;
			children = (
				AB369A651366816200888B0E /* MKHorizMenuDemo.app */,
			);
			name = Products;
			sourceTree = "<group>";
		};
		AB369A681366816200888B0E /* Frameworks */ = {
			isa = PBXGroup;
			children = (
				AB369A691366816200888B0E /* UIKit.framework */,
				AB369A6B1366816200888B0E /* Foundation.framework */,
				AB369A6D1366816200888B0E /* CoreGraphics.framework */,
			);
			name = Frameworks;
			sourceTree = "<group>";
		};
		AB369A6F1366816200888B0E /* MKHorizMenuDemo */ = {
			isa = PBXGroup;
			children = (
				AB369A781366816200888B0E /* MKHorizMenuDemoAppDelegate.h */,
				AB369A791366816200888B0E /* MKHorizMenuDemoAppDelegate.m */,
				AB369A7B1366816200888B0E /* MainWindow.xib */,
				AB369A7E1366816200888B0E /* RootViewController.h */,
				AB369A7F1366816200888B0E /* RootViewController.m */,
				AB369A811366816200888B0E /* RootViewController.xib */,
				AB369A701366816200888B0E /* Supporting Files */,
			);
			path = MKHorizMenuDemo;
			sourceTree = "<group>";
		};
		AB369A701366816200888B0E /* Supporting Files */ = {
			isa = PBXGroup;
			children = (
				AB369A711366816200888B0E /* MKHorizMenuDemo-Info.plist */,
				AB369A721366816200888B0E /* InfoPlist.strings */,
				AB369A751366816200888B0E /* MKHorizMenuDemo-Prefix.pch */,
				AB369A761366816200888B0E /* main.m */,
			);
			name = "Supporting Files";
			sourceTree = "<group>";
		};
		AB369AA11366830900888B0E /* MKHorizMenu */ = {
			isa = PBXGroup;
			children = (
				AB369AA21366830900888B0E /* ButtonSelected.png */,
				AB369AA31366830900888B0E /* MenuBar.png */,
				AB369AA41366830900888B0E /* MenuBar@2x.png */,
				AB369AA51366830900888B0E /* MKHorizMenu.h */,
				AB369AA61366830900888B0E /* MKHorizMenu.m */,
			);
			path = MKHorizMenu;
			sourceTree = "<group>";
		};
/* End PBXGroup section */

/* Begin PBXNativeTarget section */
		AB369A641366816200888B0E /* MKHorizMenuDemo */ = {
			isa = PBXNativeTarget;
			buildConfigurationList = AB369A861366816200888B0E /* Build configuration list for PBXNativeTarget "MKHorizMenuDemo" */;
			buildPhases = (
				AB369A611366816200888B0E /* Sources */,
				AB369A621366816200888B0E /* Frameworks */,
				AB369A631366816200888B0E /* Resources */,
			);
			buildRules = (
			);
			dependencies = (
			);
			name = MKHorizMenuDemo;
			productName = MKHorizMenuDemo;
			productReference = AB369A651366816200888B0E /* MKHorizMenuDemo.app */;
			productType = "com.apple.product-type.application";
		};
/* End PBXNativeTarget section */

/* Begin PBXProject section */
		AB369A5C1366816200888B0E /* Project object */ = {
			isa = PBXProject;
			attributes = {
				ORGANIZATIONNAME = Steinlogic;
			};
			buildConfigurationList = AB369A5F1366816200888B0E /* Build configuration list for PBXProject "MKHorizMenuDemo" */;
			compatibilityVersion = "Xcode 3.2";
			developmentRegion = English;
			hasScannedForEncodings = 0;
			knownRegions = (
				en,
			);
			mainGroup = AB369A5A1366816200888B0E;
			productRefGroup = AB369A661366816200888B0E /* Products */;
			projectDirPath = "";
			projectRoot = "";
			targets = (
				AB369A641366816200888B0E /* MKHorizMenuDemo */,
			);
		};
/* End PBXProject section */

/* Begin PBXResourcesBuildPhase section */
		AB369A631366816200888B0E /* Resources */ = {
			isa = PBXResourcesBuildPhase;
			buildActionMask = 2147483647;
			files = (
				AB369A741366816200888B0E /* InfoPlist.strings in Resources */,
				AB369A7D1366816200888B0E /* MainWindow.xib in Resources */,
				AB369A831366816200888B0E /* RootViewController.xib in Resources */,
				AB369AA71366830900888B0E /* ButtonSelected.png in Resources */,
				AB369AA81366830900888B0E /* MenuBar.png in Resources */,
				AB369AA91366830900888B0E /* MenuBar@2x.png in Resources */,
			);
			runOnlyForDeploymentPostprocessing = 0;
		};
/* End PBXResourcesBuildPhase section */

/* Begin PBXSourcesBuildPhase section */
		AB369A611366816200888B0E /* Sources */ = {
			isa = PBXSourcesBuildPhase;
			buildActionMask = 2147483647;
			files = (
				AB369A771366816200888B0E /* main.m in Sources */,
				AB369A7A1366816200888B0E /* MKHorizMenuDemoAppDelegate.m in Sources */,
				AB369A801366816200888B0E /* RootViewController.m in Sources */,
				AB369AAA1366830900888B0E /* MKHorizMenu.m in Sources */,
			);
			runOnlyForDeploymentPostprocessing = 0;
		};
/* End PBXSourcesBuildPhase section */

/* Begin PBXVariantGroup section */
		AB369A721366816200888B0E /* InfoPlist.strings */ = {
			isa = PBXVariantGroup;
			children = (
				AB369A731366816200888B0E /* en */,
			);
			name = InfoPlist.strings;
			sourceTree = "<group>";
		};
		AB369A7B1366816200888B0E /* MainWindow.xib */ = {
			isa = PBXVariantGroup;
			children = (
				AB369A7C1366816200888B0E /* en */,
			);
			name = MainWindow.xib;
			sourceTree = "<group>";
		};
		AB369A811366816200888B0E /* RootViewController.xib */ = {
			isa = PBXVariantGroup;
			children = (
				AB369A821366816200888B0E /* en */,
			);
			name = RootViewController.xib;
			sourceTree = "<group>";
		};
/* End PBXVariantGroup section */

/* Begin XCBuildConfiguration section */
		AB369A841366816200888B0E /* Debug */ = {
			isa = XCBuildConfiguration;
			buildSettings = {
				ARCHS = "$(ARCHS_STANDARD_32_BIT)";
				"CODE_SIGN_IDENTITY[sdk=iphoneos*]" = "iPhone Developer";
				GCC_C_LANGUAGE_STANDARD = gnu99;
				GCC_OPTIMIZATION_LEVEL = 0;
				GCC_PREPROCESSOR_DEFINITIONS = DEBUG;
				GCC_SYMBOLS_PRIVATE_EXTERN = NO;
				GCC_VERSION = com.apple.compilers.llvmgcc42;
				GCC_WARN_ABOUT_RETURN_TYPE = YES;
				GCC_WARN_UNUSED_VARIABLE = YES;
				IPHONEOS_DEPLOYMENT_TARGET = 4.0;
				SDKROOT = iphoneos;
			};
			name = Debug;
		};
		AB369A851366816200888B0E /* Release */ = {
			isa = XCBuildConfiguration;
			buildSettings = {
				ARCHS = "$(ARCHS_STANDARD_32_BIT)";
				"CODE_SIGN_IDENTITY[sdk=iphoneos*]" = "iPhone Developer";
				GCC_C_LANGUAGE_STANDARD = gnu99;
				GCC_VERSION = com.apple.compilers.llvmgcc42;
				GCC_WARN_ABOUT_RETURN_TYPE = YES;
				GCC_WARN_UNUSED_VARIABLE = YES;
				IPHONEOS_DEPLOYMENT_TARGET = 4.0;
				OTHER_CFLAGS = "-DNS_BLOCK_ASSERTIONS=1";
				SDKROOT = iphoneos;
			};
			name = Release;
		};
		AB369A871366816200888B0E /* Debug */ = {
			isa = XCBuildConfiguration;
			buildSettings = {
				ALWAYS_SEARCH_USER_PATHS = NO;
				COPY_PHASE_STRIP = NO;
				GCC_DYNAMIC_NO_PIC = NO;
				GCC_PRECOMPILE_PREFIX_HEADER = YES;
				GCC_PREFIX_HEADER = "MKHorizMenuDemo/MKHorizMenuDemo-Prefix.pch";
				INFOPLIST_FILE = "MKHorizMenuDemo/MKHorizMenuDemo-Info.plist";
				PRODUCT_NAME = "$(TARGET_NAME)";
				WRAPPER_EXTENSION = app;
			};
			name = Debug;
		};
		AB369A881366816200888B0E /* Release */ = {
			isa = XCBuildConfiguration;
			buildSettings = {
				ALWAYS_SEARCH_USER_PATHS = NO;
				COPY_PHASE_STRIP = YES;
				GCC_PRECOMPILE_PREFIX_HEADER = YES;
				GCC_PREFIX_HEADER = "MKHorizMenuDemo/MKHorizMenuDemo-Prefix.pch";
				INFOPLIST_FILE = "MKHorizMenuDemo/MKHorizMenuDemo-Info.plist";
				PRODUCT_NAME = "$(TARGET_NAME)";
				VALIDATE_PRODUCT = YES;
				WRAPPER_EXTENSION = app;
			};
			name = Release;
		};
/* End XCBuildConfiguration section */

/* Begin XCConfigurationList section */
		AB369A5F1366816200888B0E /* Build configuration list for PBXProject "MKHorizMenuDemo" */ = {
			isa = XCConfigurationList;
			buildConfigurations = (
				AB369A841366816200888B0E /* Debug */,
				AB369A851366816200888B0E /* Release */,
			);
			defaultConfigurationIsVisible = 0;
			defaultConfigurationName = Release;
		};
		AB369A861366816200888B0E /* Build configuration list for PBXNativeTarget "MKHorizMenuDemo" */ = {
			isa = XCConfigurationList;
			buildConfigurations = (
				AB369A871366816200888B0E /* Debug */,
				AB369A881366816200888B0E /* Release */,
			);
			defaultConfigurationIsVisible = 0;
			defaultConfigurationName = Release;
		};
/* End XCConfigurationList section */
	};
	rootObject = AB369A5C1366816200888B0E /* Project object */;
}
